{
  "nodes": {
    "nixpkgs": {
      "locked": {
        "lastModified": 1778574031,
        "narHash": "sha256-pX+MRWEAfkjKvxnnlkvKuQvScV/YjUDZWOkAM7oJJiY=",
        "owner": "NixOS",
        "repo": "nixpkgs",
        "rev": "3b476d7cdc98db1761bf6b2ee64046a544d32f1e",
        "type": "github"
      },
      "original": {
        "owner": "NixOS",
        "repo": "nixpkgs",
        "type": "github"
      }
    },
    "root": {
      "inputs": {
        "nixpkgs": "nixpkgs"
      }
    }
  },
  "root": "root",
  "version": 7
}
